
Microsoft Visual Studio Solution File, Format Version 12.00
# Visual Studio Version 17
VisualStudioVersion = 17.7.34202.233
MinimumVisualStudioVersion = 10.0.40219.1
Project("{FAE04EC0-301F-11D3-BF4B-00C04F79EFBC}") = "Gallery", "Gallery\Gallery.csproj", "{0D290846-51E6-44F6-BAB1-5C63CF46BC1B}"
EndProject
Global
	GlobalSection(SolutionConfigurationPlatforms) = preSolution
		Debug|Any CPU = Debug|Any CPU
		Release|Any CPU = Release|Any CPU
	EndGlobalSection
	GlobalSection(ProjectConfigurationPlatforms) = postSolution
		{0D290846-51E6-44F6-BAB1-5C63CF46BC1B}.Debug|Any CPU.ActiveCfg = Debug|Any CPU
		{0D290846-51E6-44F6-BAB1-5C63CF46BC1B}.Debug|Any CPU.Build.0 = Debug|Any CPU
		{0D290846-51E6-44F6-BAB1-5C63CF46BC1B}.Release|Any CPU.ActiveCfg = Release|Any CPU
		{0D290846-51E6-44F6-BAB1-5C63CF46BC1B}.Release|Any CPU.Build.0 = Release|Any CPU
	EndGlobalSection
	GlobalSection(SolutionProperties) = preSolution
		HideSolutionNode = FALSE
	EndGlobalSection
	GlobalSection(ExtensibilityGlobals) = postSolution
		SolutionGuid = {08A48E4B-F9B8-44E4-A1A0-DB53B7C380DB}
	EndGlobalSection
EndGlobal
