
Microsoft Visual Studio Solution File, Format Version 12.00
# Visual Studio Version 17
VisualStudioVersion = 17.7.34031.279
MinimumVisualStudioVersion = 10.0.40219.1
Project("{FAE04EC0-301F-11D3-BF4B-00C04F79EFBC}") = "Containers", "Containers\Containers.csproj", "{F24297E9-0924-4B17-B436-6AB373FB218C}"
EndProject
Global
	GlobalSection(SolutionConfigurationPlatforms) = preSolution
		Debug|Any CPU = Debug|Any CPU
		Release|Any CPU = Release|Any CPU
	EndGlobalSection
	GlobalSection(ProjectConfigurationPlatforms) = postSolution
		{F24297E9-0924-4B17-B436-6AB373FB218C}.Debug|Any CPU.ActiveCfg = Debug|Any CPU
		{F24297E9-0924-4B17-B436-6AB373FB218C}.Debug|Any CPU.Build.0 = Debug|Any CPU
		{F24297E9-0924-4B17-B436-6AB373FB218C}.Release|Any CPU.ActiveCfg = Release|Any CPU
		{F24297E9-0924-4B17-B436-6AB373FB218C}.Release|Any CPU.Build.0 = Release|Any CPU
	EndGlobalSection
	GlobalSection(SolutionProperties) = preSolution
		HideSolutionNode = FALSE
	EndGlobalSection
	GlobalSection(ExtensibilityGlobals) = postSolution
		SolutionGuid = {B0E2390C-1BB7-415E-9707-613F76D1C766}
	EndGlobalSection
EndGlobal
