
Microsoft Visual Studio Solution File, Format Version 12.00
# Visual Studio Version 17
VisualStudioVersion = 17.7.34031.279
MinimumVisualStudioVersion = 10.0.40219.1
Project("{FAE04EC0-301F-11D3-BF4B-00C04F79EFBC}") = "Cotainer4", "Cotainer4\Cotainer4.csproj", "{C848E9F2-4F01-4BCE-8CAF-B9A1F210F444}"
EndProject
Global
	GlobalSection(SolutionConfigurationPlatforms) = preSolution
		Debug|Any CPU = Debug|Any CPU
		Release|Any CPU = Release|Any CPU
	EndGlobalSection
	GlobalSection(ProjectConfigurationPlatforms) = postSolution
		{C848E9F2-4F01-4BCE-8CAF-B9A1F210F444}.Debug|Any CPU.ActiveCfg = Debug|Any CPU
		{C848E9F2-4F01-4BCE-8CAF-B9A1F210F444}.Debug|Any CPU.Build.0 = Debug|Any CPU
		{C848E9F2-4F01-4BCE-8CAF-B9A1F210F444}.Release|Any CPU.ActiveCfg = Release|Any CPU
		{C848E9F2-4F01-4BCE-8CAF-B9A1F210F444}.Release|Any CPU.Build.0 = Release|Any CPU
	EndGlobalSection
	GlobalSection(SolutionProperties) = preSolution
		HideSolutionNode = FALSE
	EndGlobalSection
	GlobalSection(ExtensibilityGlobals) = postSolution
		SolutionGuid = {81ACD5AF-50AD-4BB2-89F4-23BFC45942A6}
	EndGlobalSection
EndGlobal
